
Microsoft Visual Studio Solution File, Format Version 12.00
# Visual Studio Version 17
VisualStudioVersion = 17.6.33829.357
MinimumVisualStudioVersion = 10.0.40219.1
Project("{FAE04EC0-301F-11D3-BF4B-00C04F79EFBC}") = "DVT-Elevator", "DVT-Elevator.csproj", "{0BE7D308-17A6-48D0-A3BC-34E83E420FFF}"
EndProject
Global
	GlobalSection(SolutionConfigurationPlatforms) = preSolution
		Debug|Any CPU = Debug|Any CPU
		Release|Any CPU = Release|Any CPU
	EndGlobalSection
	GlobalSection(ProjectConfigurationPlatforms) = postSolution
		{0BE7D308-17A6-48D0-A3BC-34E83E420FFF}.Debug|Any CPU.ActiveCfg = Debug|Any CPU
		{0BE7D308-17A6-48D0-A3BC-34E83E420FFF}.Debug|Any CPU.Build.0 = Debug|Any CPU
		{0BE7D308-17A6-48D0-A3BC-34E83E420FFF}.Release|Any CPU.ActiveCfg = Release|Any CPU
		{0BE7D308-17A6-48D0-A3BC-34E83E420FFF}.Release|Any CPU.Build.0 = Release|Any CPU
	EndGlobalSection
	GlobalSection(SolutionProperties) = preSolution
		HideSolutionNode = FALSE
	EndGlobalSection
	GlobalSection(ExtensibilityGlobals) = postSolution
		SolutionGuid = {AD56CB61-6567-4986-B916-AC4CE5576F6C}
	EndGlobalSection
EndGlobal
